
Microsoft Visual Studio Solution File, Format Version 12.00
# Visual Studio Version 17
VisualStudioVersion = 17.6.33723.286
MinimumVisualStudioVersion = 10.0.40219.1
Project("{9A19103F-16F7-4668-BE54-9A1E7A4F7556}") = "WL_Task", "WL_Task.csproj", "{B4D4A1BA-6B7B-47F1-9851-093C333DE867}"
EndProject
Project("{9A19103F-16F7-4668-BE54-9A1E7A4F7556}") = "Testing", "..\EI_Task_Testing\Testing\Testing.csproj", "{39F1FDD0-A353-4D5C-BA52-4FC26B8B9A85}"
EndProject
Global
	GlobalSection(SolutionConfigurationPlatforms) = preSolution
		Debug|Any CPU = Debug|Any CPU
		Release|Any CPU = Release|Any CPU
	EndGlobalSection
	GlobalSection(ProjectConfigurationPlatforms) = postSolution
		{B4D4A1BA-6B7B-47F1-9851-093C333DE867}.Debug|Any CPU.ActiveCfg = Debug|Any CPU
		{B4D4A1BA-6B7B-47F1-9851-093C333DE867}.Debug|Any CPU.Build.0 = Debug|Any CPU
		{B4D4A1BA-6B7B-47F1-9851-093C333DE867}.Release|Any CPU.ActiveCfg = Release|Any CPU
		{B4D4A1BA-6B7B-47F1-9851-093C333DE867}.Release|Any CPU.Build.0 = Release|Any CPU
		{39F1FDD0-A353-4D5C-BA52-4FC26B8B9A85}.Debug|Any CPU.ActiveCfg = Debug|Any CPU
		{39F1FDD0-A353-4D5C-BA52-4FC26B8B9A85}.Debug|Any CPU.Build.0 = Debug|Any CPU
		{39F1FDD0-A353-4D5C-BA52-4FC26B8B9A85}.Release|Any CPU.ActiveCfg = Release|Any CPU
		{39F1FDD0-A353-4D5C-BA52-4FC26B8B9A85}.Release|Any CPU.Build.0 = Release|Any CPU
	EndGlobalSection
	GlobalSection(SolutionProperties) = preSolution
		HideSolutionNode = FALSE
	EndGlobalSection
	GlobalSection(ExtensibilityGlobals) = postSolution
		SolutionGuid = {BCEEC1ED-1B83-4513-8D25-D0620E971E2D}
	EndGlobalSection
EndGlobal
